
Microsoft Visual Studio Solution File, Format Version 12.00
# Visual Studio Version 17
VisualStudioVersion = 17.13.36105.23 d17.13
MinimumVisualStudioVersion = 10.0.40219.1
Project("{FAE04EC0-301F-11D3-BF4B-00C04F79EFBC}") = "YK.Socket.Client.GUI", "YK.Socket.Client.GUI\YK.Socket.Client.GUI.csproj", "{21AB9EC1-0736-4092-9779-986F12CEA274}"
EndProject
Project("{FAE04EC0-301F-11D3-BF4B-00C04F79EFBC}") = "YK.Socket.Client.GUI.Android", "YK.Socket.Client.GUI.Android\YK.Socket.Client.GUI.Android.csproj", "{CE17F384-588C-4991-979D-AA1891966C1A}"
EndProject
Project("{FAE04EC0-301F-11D3-BF4B-00C04F79EFBC}") = "YK.Socket.Client.GUI.Desktop", "YK.Socket.Client.GUI.Desktop\YK.Socket.Client.GUI.Desktop.csproj", "{795C0C25-E393-4AC3-9F85-BA3D1BFAE0BB}"
EndProject
Project("{FAE04EC0-301F-11D3-BF4B-00C04F79EFBC}") = "YK.Socket.Client.GUI.iOS", "YK.Socket.Client.GUI.iOS\YK.Socket.Client.GUI.iOS.csproj", "{618F2BA7-D00C-4DD2-B4E1-622566A803AC}"
EndProject
Project("{FAE04EC0-301F-11D3-BF4B-00C04F79EFBC}") = "YK.Socket.Client.GUI.Browser", "YK.Socket.Client.GUI.Browser\YK.Socket.Client.GUI.Browser.csproj", "{C5BEF2CF-4296-4A6F-A129-68563C2FFC38}"
EndProject
Project("{FAE04EC0-301F-11D3-BF4B-00C04F79EFBC}") = "YK.Socket.Comms.Services", "..\YK.Socket.Comms.Services\YK.Socket.Comms.Services.csproj", "{F822B207-08CA-4D83-9A11-532F5F4AC489}"
EndProject
Project("{FAE04EC0-301F-11D3-BF4B-00C04F79EFBC}") = "YK.Socket.Comms.TCP", "..\YK.Socket.Comms.TCP\YK.Socket.Comms.TCP.csproj", "{E1E614A2-1F73-4236-83DC-4EE810B34DC3}"
EndProject
Global
	GlobalSection(SolutionConfigurationPlatforms) = preSolution
		Debug|Any CPU = Debug|Any CPU
		Release|Any CPU = Release|Any CPU
	EndGlobalSection
	GlobalSection(ProjectConfigurationPlatforms) = postSolution
		{21AB9EC1-0736-4092-9779-986F12CEA274}.Debug|Any CPU.ActiveCfg = Debug|Any CPU
		{21AB9EC1-0736-4092-9779-986F12CEA274}.Debug|Any CPU.Build.0 = Debug|Any CPU
		{21AB9EC1-0736-4092-9779-986F12CEA274}.Release|Any CPU.ActiveCfg = Release|Any CPU
		{21AB9EC1-0736-4092-9779-986F12CEA274}.Release|Any CPU.Build.0 = Release|Any CPU
		{CE17F384-588C-4991-979D-AA1891966C1A}.Debug|Any CPU.ActiveCfg = Debug|Any CPU
		{CE17F384-588C-4991-979D-AA1891966C1A}.Debug|Any CPU.Build.0 = Debug|Any CPU
		{CE17F384-588C-4991-979D-AA1891966C1A}.Debug|Any CPU.Deploy.0 = Debug|Any CPU
		{CE17F384-588C-4991-979D-AA1891966C1A}.Release|Any CPU.ActiveCfg = Release|Any CPU
		{CE17F384-588C-4991-979D-AA1891966C1A}.Release|Any CPU.Build.0 = Release|Any CPU
		{CE17F384-588C-4991-979D-AA1891966C1A}.Release|Any CPU.Deploy.0 = Release|Any CPU
		{795C0C25-E393-4AC3-9F85-BA3D1BFAE0BB}.Debug|Any CPU.ActiveCfg = Debug|Any CPU
		{795C0C25-E393-4AC3-9F85-BA3D1BFAE0BB}.Debug|Any CPU.Build.0 = Debug|Any CPU
		{795C0C25-E393-4AC3-9F85-BA3D1BFAE0BB}.Release|Any CPU.ActiveCfg = Release|Any CPU
		{795C0C25-E393-4AC3-9F85-BA3D1BFAE0BB}.Release|Any CPU.Build.0 = Release|Any CPU
		{618F2BA7-D00C-4DD2-B4E1-622566A803AC}.Debug|Any CPU.ActiveCfg = Debug|Any CPU
		{618F2BA7-D00C-4DD2-B4E1-622566A803AC}.Debug|Any CPU.Build.0 = Debug|Any CPU
		{618F2BA7-D00C-4DD2-B4E1-622566A803AC}.Debug|Any CPU.Deploy.0 = Debug|Any CPU
		{618F2BA7-D00C-4DD2-B4E1-622566A803AC}.Release|Any CPU.ActiveCfg = Release|Any CPU
		{618F2BA7-D00C-4DD2-B4E1-622566A803AC}.Release|Any CPU.Build.0 = Release|Any CPU
		{618F2BA7-D00C-4DD2-B4E1-622566A803AC}.Release|Any CPU.Deploy.0 = Release|Any CPU
		{C5BEF2CF-4296-4A6F-A129-68563C2FFC38}.Debug|Any CPU.ActiveCfg = Debug|Any CPU
		{C5BEF2CF-4296-4A6F-A129-68563C2FFC38}.Debug|Any CPU.Build.0 = Debug|Any CPU
		{C5BEF2CF-4296-4A6F-A129-68563C2FFC38}.Release|Any CPU.ActiveCfg = Release|Any CPU
		{C5BEF2CF-4296-4A6F-A129-68563C2FFC38}.Release|Any CPU.Build.0 = Release|Any CPU
		{F822B207-08CA-4D83-9A11-532F5F4AC489}.Debug|Any CPU.ActiveCfg = Debug|Any CPU
		{F822B207-08CA-4D83-9A11-532F5F4AC489}.Debug|Any CPU.Build.0 = Debug|Any CPU
		{F822B207-08CA-4D83-9A11-532F5F4AC489}.Release|Any CPU.ActiveCfg = Release|Any CPU
		{F822B207-08CA-4D83-9A11-532F5F4AC489}.Release|Any CPU.Build.0 = Release|Any CPU
		{E1E614A2-1F73-4236-83DC-4EE810B34DC3}.Debug|Any CPU.ActiveCfg = Debug|Any CPU
		{E1E614A2-1F73-4236-83DC-4EE810B34DC3}.Debug|Any CPU.Build.0 = Debug|Any CPU
		{E1E614A2-1F73-4236-83DC-4EE810B34DC3}.Release|Any CPU.ActiveCfg = Release|Any CPU
		{E1E614A2-1F73-4236-83DC-4EE810B34DC3}.Release|Any CPU.Build.0 = Release|Any CPU
	EndGlobalSection
	GlobalSection(SolutionProperties) = preSolution
		HideSolutionNode = FALSE
	EndGlobalSection
	GlobalSection(ExtensibilityGlobals) = postSolution
		SolutionGuid = {01C34262-D180-4F0E-869E-F05D07F7855C}
	EndGlobalSection
EndGlobal
